// !$*UTF8*$!
{
	archiveVersion = 1;
	classes = {
	};
	objectVersion = 46;
	objects = {

/* Begin PBXBuildFile section */
		10B4E9231DDFE0C1003E9271 /* AppDelegate.swift in Sources */ = {isa = PBXBuildFile; fileRef = 10B4E9221DDFE0C1003E9271 /* AppDelegate.swift */; };
		10B4E9251DDFE0C1003E9271 /* ViewController.swift in Sources */ = {isa = PBXBuildFile; fileRef = 10B4E9241DDFE0C1003E9271 /* ViewController.swift */; };
		10B4E9281DDFE0C1003E9271 /* Main.storyboard in Resources */ = {isa = PBXBuildFile; fileRef = 10B4E9261DDFE0C1003E9271 /* Main.storyboard */; };
		10B4E92A1DDFE0C1003E9271 /* Assets.xcassets in Resources */ = {isa = PBXBuildFile; fileRef = 10B4E9291DDFE0C1003E9271 /* Assets.xcassets */; };
		10B4E92D1DDFE0C1003E9271 /* LaunchScreen.storyboard in Resources */ = {isa = PBXBuildFile; fileRef = 10B4E92B1DDFE0C1003E9271 /* LaunchScreen.storyboard */; };
/* End PBXBuildFile section */

/* Begin PBXFileReference section */
		10B4E91F1DDFE0C1003E9271 /* coffeeAPP.app */ = {isa = PBXFileReference; explicitFileType = wrapper.application; includeInIndex = 0; path = coffeeAPP.app; sourceTree = BUILT_PRODUCTS_DIR; };
		10B4E9221DDFE0C1003E9271 /* AppDelegate.swift */ = {isa = PBXFileReference; lastKnownFileType = sourcecode.swift; path = AppDelegate.swift; sourceTree = "<group>"; };
		10B4E9241DDFE0C1003E9271 /* ViewController.swift */ = {isa = PBXFileReference; lastKnownFileType = sourcecode.swift; path = ViewController.swift; sourceTree = "<group>"; };
		10B4E9271DDFE0C1003E9271 /* Base */ = {isa = PBXFileReference; lastKnownFileType = file.storyboard; name = Base; path = Base.lproj/Main.storyboard; sourceTree = "<group>"; };
		10B4E9291DDFE0C1003E9271 /* Assets.xcassets */ = {isa = PBXFileReference; lastKnownFileType = folder.assetcatalog; path = Assets.xcassets; sourceTree = "<group>"; };
		10B4E92C1DDFE0C1003E9271 /* Base */ = {isa = PBXFileReference; lastKnownFileType = file.storyboard; name = Base; path = Base.lproj/LaunchScreen.storyboard; sourceTree = "<group>"; };
		10B4E92E1DDFE0C1003E9271 /* Info.plist */ = {isa = PBXFileReference; lastKnownFileType = text.plist.xml; path = Info.plist; sourceTree = "<group>"; };
/* End PBXFileReference section */

/* Begin PBXFrameworksBuildPhase section */
		10B4E91C1DDFE0C0003E9271 /* Frameworks */ = {
			isa = PBXFrameworksBuildPhase;
			buildActionMask = 2147483647;
			files = (
			);
			runOnlyForDeploymentPostprocessing = 0;
		};
/* End PBXFrameworksBuildPhase section */

/* Begin PBXGroup section */
		10B4E9161DDFE0C0003E9271 = {
			isa = PBXGroup;
			children = (
				10B4E9211DDFE0C1003E9271 /* coffeeAPP */,
				10B4E9201DDFE0C1003E9271 /* Products */,
			);
			sourceTree = "<group>";
		};
		10B4E9201DDFE0C1003E9271 /* Products */ = {
			isa = PBXGroup;
			children = (
				10B4E91F1DDFE0C1003E9271 /* coffeeAPP.app */,
			);
			name = Products;
			sourceTree = "<group>";
		};
		10B4E9211DDFE0C1003E9271 /* coffeeAPP */ = {
			isa = PBXGroup;
			children = (
				10B4E9221DDFE0C1003E9271 /* AppDelegate.swift */,
				10B4E9241DDFE0C1003E9271 /* ViewController.swift */,
				10B4E9261DDFE0C1003E9271 /* Main.storyboard */,
				10B4E9291DDFE0C1003E9271 /* Assets.xcassets */,
				10B4E92B1DDFE0C1003E9271 /* LaunchScreen.storyboard */,
				10B4E92E1DDFE0C1003E9271 /* Info.plist */,
			);
			path = coffeeAPP;
			sourceTree = "<group>";
		};
/* End PBXGroup section */

/* Begin PBXNativeTarget section */
		10B4E91E1DDFE0C0003E9271 /* coffeeAPP */ = {
			isa = PBXNativeTarget;
			buildConfigurationList = 10B4E9311DDFE0C1003E9271 /* Build configuration list for PBXNativeTarget "coffeeAPP" */;
			buildPhases = (
				10B4E91B1DDFE0C0003E9271 /* Sources */,
				10B4E91C1DDFE0C0003E9271 /* Frameworks */,
				10B4E91D1DDFE0C0003E9271 /* Resources */,
			);
			buildRules = (
			);
			dependencies = (
			);
			name = coffeeAPP;
			productName = coffeeAPP;
			productReference = 10B4E91F1DDFE0C1003E9271 /* coffeeAPP.app */;
			productType = "com.apple.product-type.application";
		};
/* End PBXNativeTarget section */

/* Begin PBXProject section */
		10B4E9171DDFE0C0003E9271 /* Project object */ = {
			isa = PBXProject;
			attributes = {
				LastSwiftUpdateCheck = 0810;
				LastUpgradeCheck = 0810;
				ORGANIZATIONNAME = "marvin evins";
				TargetAttributes = {
					10B4E91E1DDFE0C0003E9271 = {
						CreatedOnToolsVersion = 8.1;
						DevelopmentTeam = SN83872X5M;
						ProvisioningStyle = Automatic;
					};
				};
			};
			buildConfigurationList = 10B4E91A1DDFE0C0003E9271 /* Build configuration list for PBXProject "coffeeAPP" */;
			compatibilityVersion = "Xcode 3.2";
			developmentRegion = English;
			hasScannedForEncodings = 0;
			knownRegions = (
				en,
				Base,
			);
			mainGroup = 10B4E9161DDFE0C0003E9271;
			productRefGroup = 10B4E9201DDFE0C1003E9271 /* Products */;
			projectDirPath = "";
			projectRoot = "";
			targets = (
				10B4E91E1DDFE0C0003E9271 /* coffeeAPP */,
			);
		};
/* End PBXProject section */

/* Begin PBXResourcesBuildPhase section */
		10B4E91D1DDFE0C0003E9271 /* Resources */ = {
			isa = PBXResourcesBuildPhase;
			buildActionMask = 2147483647;
			files = (
				10B4E92D1DDFE0C1003E9271 /* LaunchScreen.storyboard in Resources */,
				10B4E92A1DDFE0C1003E9271 /* Assets.xcassets in Resources */,
				10B4E9281DDFE0C1003E9271 /* Main.storyboard in Resources */,
			);
			runOnlyForDeploymentPostprocessing = 0;
		};
/* End PBXResourcesBuildPhase section */

/* Begin PBXSourcesBuildPhase section */
		10B4E91B1DDFE0C0003E9271 /* Sources */ = {
			isa = PBXSourcesBuildPhase;
			buildActionMask = 2147483647;
			files = (
				10B4E9251DDFE0C1003E9271 /* ViewController.swift in Sources */,
				10B4E9231DDFE0C1003E9271 /* AppDelegate.swift in Sources */,
			);
			runOnlyForDeploymentPostprocessing = 0;
		};
/* End PBXSourcesBuildPhase section */

/* Begin PBXVariantGroup section */
		10B4E9261DDFE0C1003E9271 /* Main.storyboard */ = {
			isa = PBXVariantGroup;
			children = (
				10B4E9271DDFE0C1003E9271 /* Base */,
			);
			name = Main.storyboard;
			sourceTree = "<group>";
		};
		10B4E92B1DDFE0C1003E9271 /* LaunchScreen.storyboard */ = {
			isa = PBXVariantGroup;
			children = (
				10B4E92C1DDFE0C1003E9271 /* Base */,
			);
			name = LaunchScreen.storyboard;
			sourceTree = "<group>";
		};
/* End PBXVariantGroup section */

/* Begin XCBuildConfiguration section */
		10B4E92F1DDFE0C1003E9271 /* Debug */ = {
			isa = XCBuildConfiguration;
			buildSettings = {
				ALWAYS_SEARCH_USER_PATHS = NO;
				CLANG_ANALYZER_NONNULL = YES;
				CLANG_CXX_LANGUAGE_STANDARD = "gnu++0x";
				CLANG_CXX_LIBRARY = "libc++";
				CLANG_ENABLE_MODULES = YES;
				CLANG_ENABLE_OBJC_ARC = YES;
				CLANG_WARN_BOOL_CONVERSION = YES;
				CLANG_WARN_CONSTANT_CONVERSION = YES;
				CLANG_WARN_DIRECT_OBJC_ISA_USAGE = YES_ERROR;
				CLANG_WARN_DOCUMENTATION_COMMENTS = YES;
				CLANG_WARN_EMPTY_BODY = YES;
				CLANG_WARN_ENUM_CONVERSION = YES;
				CLANG_WARN_INFINITE_RECURSION = YES;
				CLANG_WARN_INT_CONVERSION = YES;
				CLANG_WARN_OBJC_ROOT_CLASS = YES_ERROR;
				CLANG_WARN_SUSPICIOUS_MOVES = YES;
				CLANG_WARN_UNREACHABLE_CODE = YES;
				CLANG_WARN__DUPLICATE_METHOD_MATCH = YES;
				"CODE_SIGN_IDENTITY[sdk=iphoneos*]" = "iPhone Developer";
				COPY_PHASE_STRIP = NO;
				DEBUG_INFORMATION_FORMAT = dwarf;
				ENABLE_STRICT_OBJC_MSGSEND = YES;
				ENABLE_TESTABILITY = YES;
				GCC_C_LANGUAGE_STANDARD = gnu99;
				GCC_DYNAMIC_NO_PIC = NO;
				GCC_NO_COMMON_BLOCKS = YES;
				GCC_OPTIMIZATION_LEVEL = 0;
				GCC_PREPROCESSOR_DEFINITIONS = (
					"DEBUG=1",
					"$(inherited)",
				);
				GCC_WARN_64_TO_32_BIT_CONVERSION = YES;
				GCC_WARN_ABOUT_RETURN_TYPE = YES_ERROR;
				GCC_WARN_UNDECLARED_SELECTOR = YES;
				GCC_WARN_UNINITIALIZED_AUTOS = YES_AGGRESSIVE;
				GCC_WARN_UNUSED_FUNCTION = YES;
				GCC_WARN_UNUSED_VARIABLE = YES;
				IPHONEOS_DEPLOYMENT_TARGET = 10.1;
				MTL_ENABLE_DEBUG_INFO = YES;
				ONLY_ACTIVE_ARCH = YES;
				SDKROOT = iphoneos;
				SWIFT_ACTIVE_COMPILATION_CONDITIONS = DEBUG;
				SWIFT_OPTIMIZATION_LEVEL = "-Onone";
				TARGETED_DEVICE_FAMILY = "1,2";
			};
			name = Debug;
		};
		10B4E9301DDFE0C1003E9271 /* Release */ = {
			isa = XCBuildConfiguration;
			buildSettings = {
				ALWAYS_SEARCH_USER_PATHS = NO;
				CLANG_ANALYZER_NONNULL = YES;
				CLANG_CXX_LANGUAGE_STANDARD = "gnu++0x";
				CLANG_CXX_LIBRARY = "libc++";
				CLANG_ENABLE_MODULES = YES;
				CLANG_ENABLE_OBJC_ARC = YES;
				CLANG_WARN_BOOL_CONVERSION = YES;
				CLANG_WARN_CONSTANT_CONVERSION = YES;
				CLANG_WARN_DIRECT_OBJC_ISA_USAGE = YES_ERROR;
				CLANG_WARN_DOCUMENTATION_COMMENTS = YES;
				CLANG_WARN_EMPTY_BODY = YES;
				CLANG_WARN_ENUM_CONVERSION = YES;
				CLANG_WARN_INFINITE_RECURSION = YES;
				CLANG_WARN_INT_CONVERSION = YES;
				CLANG_WARN_OBJC_ROOT_CLASS = YES_ERROR;
				CLANG_WARN_SUSPICIOUS_MOVES = YES;
				CLANG_WARN_UNREACHABLE_CODE = YES;
				CLANG_WARN__DUPLICATE_METHOD_MATCH = YES;
				"CODE_SIGN_IDENTITY[sdk=iphoneos*]" = "iPhone Developer";
				COPY_PHASE_STRIP = NO;
				DEBUG_INFORMATION_FORMAT = "dwarf-with-dsym";
				ENABLE_NS_ASSERTIONS = NO;
				ENABLE_STRICT_OBJC_MSGSEND = YES;
				GCC_C_LANGUAGE_STANDARD = gnu99;
				GCC_NO_COMMON_BLOCKS = YES;
				GCC_WARN_64_TO_32_BIT_CONVERSION = YES;
				GCC_WARN_ABOUT_RETURN_TYPE = YES_ERROR;
				GCC_WARN_UNDECLARED_SELECTOR = YES;
				GCC_WARN_UNINITIALIZED_AUTOS = YES_AGGRESSIVE;
				GCC_WARN_UNUSED_FUNCTION = YES;
				GCC_WARN_UNUSED_VARIABLE = YES;
				IPHONEOS_DEPLOYMENT_TARGET = 10.1;
				MTL_ENABLE_DEBUG_INFO = NO;
				SDKROOT = iphoneos;
				SWIFT_OPTIMIZATION_LEVEL = "-Owholemodule";
				TARGETED_DEVICE_FAMILY = "1,2";
				VALIDATE_PRODUCT = YES;
			};
			name = Release;
		};
		10B4E9321DDFE0C1003E9271 /* Debug */ = {
			isa = XCBuildConfiguration;
			buildSettings = {
				ASSETCATALOG_COMPILER_APPICON_NAME = AppIcon;
				DEVELOPMENT_TEAM = SN83872X5M;
				INFOPLIST_FILE = coffeeAPP/Info.plist;
				LD_RUNPATH_SEARCH_PATHS = "$(inherited) @executable_path/Frameworks";
				PRODUCT_BUNDLE_IDENTIFIER = udevdesign.com.coffeeAPP;
				PRODUCT_NAME = "$(TARGET_NAME)";
				SWIFT_VERSION = 3.0;
			};
			name = Debug;
		};
		10B4E9331DDFE0C1003E9271 /* Release */ = {
			isa = XCBuildConfiguration;
			buildSettings = {
				ASSETCATALOG_COMPILER_APPICON_NAME = AppIcon;
				DEVELOPMENT_TEAM = SN83872X5M;
				INFOPLIST_FILE = coffeeAPP/Info.plist;
				LD_RUNPATH_SEARCH_PATHS = "$(inherited) @executable_path/Frameworks";
				PRODUCT_BUNDLE_IDENTIFIER = udevdesign.com.coffeeAPP;
				PRODUCT_NAME = "$(TARGET_NAME)";
				SWIFT_VERSION = 3.0;
			};
			name = Release;
		};
/* End XCBuildConfiguration section */

/* Begin XCConfigurationList section */
		10B4E91A1DDFE0C0003E9271 /* Build configuration list for PBXProject "coffeeAPP" */ = {
			isa = XCConfigurationList;
			buildConfigurations = (
				10B4E92F1DDFE0C1003E9271 /* Debug */,
				10B4E9301DDFE0C1003E9271 /* Release */,
			);
			defaultConfigurationIsVisible = 0;
			defaultConfigurationName = Release;
		};
		10B4E9311DDFE0C1003E9271 /* Build configuration list for PBXNativeTarget "coffeeAPP" */ = {
			isa = XCConfigurationList;
			buildConfigurations = (
				10B4E9321DDFE0C1003E9271 /* Debug */,
				10B4E9331DDFE0C1003E9271 /* Release */,
			);
			defaultConfigurationIsVisible = 0;
		};
/* End XCConfigurationList section */
	};
	rootObject = 10B4E9171DDFE0C0003E9271 /* Project object */;
}
